{
  "nodes": {
    "home-manager": {
      "inputs": {
        "nixpkgs": [
          "nixpkgs"
        ]
      },
      "locked": {
        "lastModified": 1720042825,
        "narHash": "sha256-A0vrUB6x82/jvf17qPCpxaM+ulJnD8YZwH9Ci0BsAzE=",
        "owner": "nix-community",
        "repo": "home-manager",
        "rev": "e1391fb22e18a36f57e6999c7a9f966dc80ac073",
        "type": "github"
      },
      "original": {
        "owner": "nix-community",
        "ref": "release-24.05",
        "repo": "home-manager",
        "type": "github"
      }
    },
    "jovian-nixos": {
      "inputs": {
        "nix-github-actions": "nix-github-actions",
        "nixpkgs": "nixpkgs"
      },
      "locked": {
        "lastModified": 1720697445,
        "narHash": "sha256-IvFFc57vljkR1eP4VeNMuXJTS/POClq+ytFAadigSY0=",
        "owner": "Jovian-Experiments",
        "repo": "Jovian-NixOS",
        "rev": "bba994424596df09228f5437bcf8ef7fde1fe56e",
        "type": "github"
      },
      "original": {
        "owner": "Jovian-Experiments",
        "repo": "Jovian-NixOS",
        "type": "github"
      }
    },
    "nix-github-actions": {
      "inputs": {
        "nixpkgs": [
          "jovian-nixos",
          "nixpkgs"
        ]
      },
      "locked": {
        "lastModified": 1690328911,
        "narHash": "sha256-fxtExYk+aGf2YbjeWQ8JY9/n9dwuEt+ma1eUFzF8Jeo=",
        "owner": "zhaofengli",
        "repo": "nix-github-actions",
        "rev": "96df4a39c52f53cb7098b923224d8ce941b64747",
        "type": "github"
      },
      "original": {
        "owner": "zhaofengli",
        "ref": "matrix-name",
        "repo": "nix-github-actions",
        "type": "github"
      }
    },
    "nixpkgs": {
      "locked": {
        "lastModified": 1720418205,
        "narHash": "sha256-cPJoFPXU44GlhWg4pUk9oUPqurPlCFZ11ZQPk21GTPU=",
        "owner": "NixOS",
        "repo": "nixpkgs",
        "rev": "655a58a72a6601292512670343087c2d75d859c1",
        "type": "github"
      },
      "original": {
        "owner": "NixOS",
        "ref": "nixos-unstable",
        "repo": "nixpkgs",
        "type": "github"
      }
    },
    "nixpkgs-unstable": {
      "locked": {
        "lastModified": 1720542800,
        "narHash": "sha256-ZgnNHuKV6h2+fQ5LuqnUaqZey1Lqqt5dTUAiAnqH0QQ=",
        "owner": "nixos",
        "repo": "nixpkgs",
        "rev": "feb2849fdeb70028c70d73b848214b00d324a497",
        "type": "github"
      },
      "original": {
        "owner": "nixos",
        "ref": "nixos-unstable",
        "repo": "nixpkgs",
        "type": "github"
      }
    },
    "nixpkgs_2": {
      "locked": {
        "lastModified": 1720553833,
        "narHash": "sha256-IXMiHQMtdShDXcBW95ctA+m5Oq2kLxnBt7WlMxvDQXA=",
        "owner": "nixos",
        "repo": "nixpkgs",
        "rev": "249fbde2a178a2ea2638b65b9ecebd531b338cf9",
        "type": "github"
      },
      "original": {
        "owner": "nixos",
        "ref": "nixos-24.05",
        "repo": "nixpkgs",
        "type": "github"
      }
    },
    "root": {
      "inputs": {
        "home-manager": "home-manager",
        "jovian-nixos": "jovian-nixos",
        "nixpkgs": "nixpkgs_2",
        "nixpkgs-unstable": "nixpkgs-unstable"
      }
    }
  },
  "root": "root",
  "version": 7
}
